PODS:
  - libjingle_peerconnection (10842.2.0)
  - RespokeSocket.IO (0.5.3):
    - RespokeSocketRocket (~> 0.3.2)
  - RespokeSocketRocket (0.3.2)

DEPENDENCIES:
  - libjingle_peerconnection (= 10842.2.0)
  - RespokeSocket.IO (~> 0.5.3)

SPEC CHECKSUMS:
  libjingle_peerconnection: 176c8d3e12d9437abc0e1f08a924947444e97b69
  RespokeSocket.IO: 11d06f1309e18f497a0c4871875e1ffb66a9c290
  RespokeSocketRocket: 310662b5569cbf78bceaa039aeb89101b8135357

PODFILE CHECKSUM: dcd55eb1ed8b502855be125d9925dc331e02864f

COCOAPODS: 1.0.0.beta.5
