// !$*UTF8*$!
{
	archiveVersion = 1;
	classes = {
	};
	objectVersion = 46;
	objects = {

/* Begin PBXAggregateTarget section */
		18E945C419952B2200C8B142 /* UniversalLib */ = {
			isa = PBXAggregateTarget;
			buildConfigurationList = 18E945C519952B2200C8B142 /* Build configuration list for PBXAggregateTarget "UniversalLib" */;
			buildPhases = (
				18E945C819952B5300C8B142 /* ShellScript */,
			);
			dependencies = (
			);
			name = UniversalLib;
			productName = UniversalLib;
		};
/* End PBXAggregateTarget section */

/* Begin PBXBuildFile section */
		180BE48D19F9A8DF005BA3A1 /* RespokeDirectConnection.m in Sources */ = {isa = PBXBuildFile; fileRef = 180BE48C19F9A8DF005BA3A1 /* RespokeDirectConnection.m */; };
		182A2EFD1A86564A009148A1 /* DirectConnectionTests.m in Sources */ = {isa = PBXBuildFile; fileRef = 182A2EFC1A86564A009148A1 /* DirectConnectionTests.m */; };
		182CC3C61A150ABE0084E704 /* APIRegisterPushToken.m in Sources */ = {isa = PBXBuildFile; fileRef = 182CC3C51A150ABE0084E704 /* APIRegisterPushToken.m */; };
		1832F5051A7140A50096B5B6 /* PresenceTests.m in Sources */ = {isa = PBXBuildFile; fileRef = 1832F5041A7140A50096B5B6 /* PresenceTests.m */; };
		18440C281A66C99200592DEB /* libwebrtc.a in Frameworks */ = {isa = PBXBuildFile; fileRef = 18440C271A66C99200592DEB /* libwebrtc.a */; };
		18440DC21A66C9AF00592DEB /* SocketIO.m in Sources */ = {isa = PBXBuildFile; fileRef = 18440C311A66C9AE00592DEB /* SocketIO.m */; };
		18440DC31A66C9AF00592DEB /* SocketIOJSONSerialization.m in Sources */ = {isa = PBXBuildFile; fileRef = 18440C331A66C9AE00592DEB /* SocketIOJSONSerialization.m */; };
		18440DC41A66C9AF00592DEB /* SocketIOPacket.m in Sources */ = {isa = PBXBuildFile; fileRef = 18440C351A66C9AE00592DEB /* SocketIOPacket.m */; };
		18440DC51A66C9AF00592DEB /* SocketIOTransportWebsocket.m in Sources */ = {isa = PBXBuildFile; fileRef = 18440C381A66C9AE00592DEB /* SocketIOTransportWebsocket.m */; };
		18440DC61A66C9AF00592DEB /* SocketIOTransportXHR.m in Sources */ = {isa = PBXBuildFile; fileRef = 18440C3A1A66C9AE00592DEB /* SocketIOTransportXHR.m */; };
		18440F331A66CA3300592DEB /* base64.c in Sources */ = {isa = PBXBuildFile; fileRef = 18440F2C1A66CA3300592DEB /* base64.c */; };
		18440F341A66CA3300592DEB /* NSData+SRB64Additions.m in Sources */ = {isa = PBXBuildFile; fileRef = 18440F2F1A66CA3300592DEB /* NSData+SRB64Additions.m */; };
		18440F351A66CA3300592DEB /* SRWebSocket.m in Sources */ = {isa = PBXBuildFile; fileRef = 18440F321A66CA3300592DEB /* SRWebSocket.m */; };
		18440F371A66CA7500592DEB /* Security.framework in Frameworks */ = {isa = PBXBuildFile; fileRef = 18440F361A66CA7500592DEB /* Security.framework */; };
		18440F391A66CA7C00592DEB /* CFNetwork.framework in Frameworks */ = {isa = PBXBuildFile; fileRef = 18440F381A66CA7C00592DEB /* CFNetwork.framework */; };
		18440F3B1A66CA8200592DEB /* GLKit.framework in Frameworks */ = {isa = PBXBuildFile; fileRef = 18440F3A1A66CA8200592DEB /* GLKit.framework */; };
		18440F3D1A66CA8800592DEB /* AudioToolbox.framework in Frameworks */ = {isa = PBXBuildFile; fileRef = 18440F3C1A66CA8800592DEB /* AudioToolbox.framework */; };
		18440F3F1A66CA9700592DEB /* CoreAudio.framework in Frameworks */ = {isa = PBXBuildFile; fileRef = 18440F3E1A66CA9700592DEB /* CoreAudio.framework */; };
		18440F411A66CAA500592DEB /* CoreMedia.framework in Frameworks */ = {isa = PBXBuildFile; fileRef = 18440F401A66CAA500592DEB /* CoreMedia.framework */; };
		18440F431A66CAAE00592DEB /* CoreVideo.framework in Frameworks */ = {isa = PBXBuildFile; fileRef = 18440F421A66CAAE00592DEB /* CoreVideo.framework */; };
		18440F451A66CAB400592DEB /* CoreGraphics.framework in Frameworks */ = {isa = PBXBuildFile; fileRef = 18440F441A66CAB400592DEB /* CoreGraphics.framework */; };
		18440F471A66CABB00592DEB /* OpenGLES.framework in Frameworks */ = {isa = PBXBuildFile; fileRef = 18440F461A66CABB00592DEB /* OpenGLES.framework */; };
		18440F491A66CAC300592DEB /* QuartzCore.framework in Frameworks */ = {isa = PBXBuildFile; fileRef = 18440F481A66CAC300592DEB /* QuartzCore.framework */; };
		18440F4B1A66CACB00592DEB /* libsqlite3.dylib in Frameworks */ = {isa = PBXBuildFile; fileRef = 18440F4A1A66CACB00592DEB /* libsqlite3.dylib */; };
		18440F4D1A66CAF700592DEB /* AVFoundation.framework in Frameworks */ = {isa = PBXBuildFile; fileRef = 18440F4C1A66CAF700592DEB /* AVFoundation.framework */; };
		18440F4F1A66CB0700592DEB /* libstdc++.6.dylib in Frameworks */ = {isa = PBXBuildFile; fileRef = 18440F4E1A66CB0700592DEB /* libstdc++.6.dylib */; };
		18440F511A66CB1700592DEB /* libc++.dylib in Frameworks */ = {isa = PBXBuildFile; fileRef = 18440F501A66CB1700592DEB /* libc++.dylib */; };
		18440F531A66CB2F00592DEB /* libicucore.dylib in Frameworks */ = {isa = PBXBuildFile; fileRef = 18440F521A66CB2F00592DEB /* libicucore.dylib */; };
		187510441A6EA3DE00E7200E /* RespokeTestCase.m in Sources */ = {isa = PBXBuildFile; fileRef = 187510431A6EA3DE00E7200E /* RespokeTestCase.m */; };
		189CAB711A783274006E24E5 /* AppDelegate.m in Sources */ = {isa = PBXBuildFile; fileRef = 189CAB671A783274006E24E5 /* AppDelegate.m */; };
		189CAB721A783274006E24E5 /* LaunchScreen.xib in Resources */ = {isa = PBXBuildFile; fileRef = 189CAB681A783274006E24E5 /* LaunchScreen.xib */; };
		189CAB731A783274006E24E5 /* Main.storyboard in Resources */ = {isa = PBXBuildFile; fileRef = 189CAB6A1A783274006E24E5 /* Main.storyboard */; };
		189CAB741A783274006E24E5 /* Images.xcassets in Resources */ = {isa = PBXBuildFile; fileRef = 189CAB6C1A783274006E24E5 /* Images.xcassets */; };
		189CAB751A783274006E24E5 /* Info.plist in Resources */ = {isa = PBXBuildFile; fileRef = 189CAB6D1A783274006E24E5 /* Info.plist */; };
		189CAB761A783274006E24E5 /* main.m in Sources */ = {isa = PBXBuildFile; fileRef = 189CAB6E1A783274006E24E5 /* main.m */; };
		189CAB771A783274006E24E5 /* ViewController.m in Sources */ = {isa = PBXBuildFile; fileRef = 189CAB701A783274006E24E5 /* ViewController.m */; };
		189CAB791A783451006E24E5 /* CallingTests.m in Sources */ = {isa = PBXBuildFile; fileRef = 189CAB781A783451006E24E5 /* CallingTests.m */; };
		18AFCCA4199BDB0D00818468 /* RespokeConnection.m in Sources */ = {isa = PBXBuildFile; fileRef = 18AFCCA3199BDB0D00818468 /* RespokeConnection.m */; };
		18C7DAB61A70514300D60F0A /* MessagingTests.m in Sources */ = {isa = PBXBuildFile; fileRef = 18C7DAB11A70514300D60F0A /* MessagingTests.m */; };
		18C7DAB71A70514300D60F0A /* RespokeClientTests.m in Sources */ = {isa = PBXBuildFile; fileRef = 18C7DAB31A70514300D60F0A /* RespokeClientTests.m */; };
		18C7DAB81A70514300D60F0A /* RespokeEndpointTests.m in Sources */ = {isa = PBXBuildFile; fileRef = 18C7DAB41A70514300D60F0A /* RespokeEndpointTests.m */; };
		18C7DAB91A70514300D60F0A /* RespokeSDKTests.m in Sources */ = {isa = PBXBuildFile; fileRef = 18C7DAB51A70514300D60F0A /* RespokeSDKTests.m */; };
		18E9420D1993D46E00C8B142 /* Foundation.framework in Frameworks */ = {isa = PBXBuildFile; fileRef = 18E9420C1993D46E00C8B142 /* Foundation.framework */; };
		18E9421B1993D46E00C8B142 /* XCTest.framework in Frameworks */ = {isa = PBXBuildFile; fileRef = 18E9421A1993D46E00C8B142 /* XCTest.framework */; };
		18E9421C1993D46E00C8B142 /* Foundation.framework in Frameworks */ = {isa = PBXBuildFile; fileRef = 18E9420C1993D46E00C8B142 /* Foundation.framework */; };
		18E9421E1993D46E00C8B142 /* UIKit.framework in Frameworks */ = {isa = PBXBuildFile; fileRef = 18E9421D1993D46E00C8B142 /* UIKit.framework */; };
		18E942211993D46E00C8B142 /* libRespokeSDK.a in Frameworks */ = {isa = PBXBuildFile; fileRef = 18E942091993D46E00C8B142 /* libRespokeSDK.a */; };
		18E942271993D46E00C8B142 /* InfoPlist.strings in Resources */ = {isa = PBXBuildFile; fileRef = 18E942251993D46E00C8B142 /* InfoPlist.strings */; };
		18E9424F1993D61000C8B142 /* Respoke.m in Sources */ = {isa = PBXBuildFile; fileRef = 18E9423C1993D61000C8B142 /* Respoke.m */; };
		18E942501993D61000C8B142 /* RespokeCall.m in Sources */ = {isa = PBXBuildFile; fileRef = 18E9423E1993D61000C8B142 /* RespokeCall.m */; };
		18E942511993D61000C8B142 /* RespokeClient.m in Sources */ = {isa = PBXBuildFile; fileRef = 18E942401993D61000C8B142 /* RespokeClient.m */; };
		18E942521993D61000C8B142 /* RespokeEndpoint.m in Sources */ = {isa = PBXBuildFile; fileRef = 18E942421993D61000C8B142 /* RespokeEndpoint.m */; };
		18E942531993D61000C8B142 /* RespokeGroup.m in Sources */ = {isa = PBXBuildFile; fileRef = 18E942441993D61000C8B142 /* RespokeGroup.m */; };
		18E942541993D61000C8B142 /* RespokeSignalingChannel.m in Sources */ = {isa = PBXBuildFile; fileRef = 18E942471993D61000C8B142 /* RespokeSignalingChannel.m */; };
		18E942551993D61000C8B142 /* APIDoOpen.m in Sources */ = {isa = PBXBuildFile; fileRef = 18E9424A1993D61000C8B142 /* APIDoOpen.m */; };
		18E942561993D61000C8B142 /* APIGetToken.m in Sources */ = {isa = PBXBuildFile; fileRef = 18E9424C1993D61000C8B142 /* APIGetToken.m */; };
		18E942571993D61000C8B142 /* APITransaction.m in Sources */ = {isa = PBXBuildFile; fileRef = 18E9424E1993D61000C8B142 /* APITransaction.m */; };
		18FB22451A72AD2100057C1B /* GroupTests.m in Sources */ = {isa = PBXBuildFile; fileRef = 18FB22441A72AD2100057C1B /* GroupTests.m */; };
		18FB22471A72C0CA00057C1B /* RespokeGroupTests.m in Sources */ = {isa = PBXBuildFile; fileRef = 18FB22461A72C0CA00057C1B /* RespokeGroupTests.m */; };
		D452EDB11A68A8EE0080D954 /* RespokeMediaStats.m in Sources */ = {isa = PBXBuildFile; fileRef = D452EDB01A68A8EE0080D954 /* RespokeMediaStats.m */; };
/* End PBXBuildFile section */

/* Begin PBXContainerItemProxy section */
		189CAB631A782D95006E24E5 /* PBXContainerItemProxy */ = {
			isa = PBXContainerItemProxy;
			containerPortal = 18E942011993D46E00C8B142 /* Project object */;
			proxyType = 1;
			remoteGlobalIDString = 189CAB3C1A782D73006E24E5;
			remoteInfo = SDKTestUI;
		};
		18E9421F1993D46E00C8B142 /* PBXContainerItemProxy */ = {
			isa = PBXContainerItemProxy;
			containerPortal = 18E942011993D46E00C8B142 /* Project object */;
			proxyType = 1;
			remoteGlobalIDString = 18E942081993D46E00C8B142;
			remoteInfo = RespokeSDK;
		};
/* End PBXContainerItemProxy section */

/* Begin PBXCopyFilesBuildPhase section */
		18E942071993D46E00C8B142 /* CopyFiles */ = {
			isa = PBXCopyFilesBuildPhase;
			buildActionMask = 2147483647;
			dstPath = "include/$(PRODUCT_NAME)";
			dstSubfolderSpec = 16;
			files = (
			);
			runOnlyForDeploymentPostprocessing = 0;
		};
/* End PBXCopyFilesBuildPhase section */

/* Begin PBXFileReference section */
		180BE48C19F9A8DF005BA3A1 /* RespokeDirectConnection.m */ = {isa = PBXFileReference; fileEncoding = 4; lastKnownFileType = sourcecode.c.objc; path = RespokeDirectConnection.m; sourceTree = "<group>"; };
		180BE49219F9A990005BA3A1 /* RespokeDirectConnection+private.h */ = {isa = PBXFileReference; fileEncoding = 4; lastKnownFileType = sourcecode.c.h; path = "RespokeDirectConnection+private.h"; sourceTree = "<group>"; };
		182A2EFC1A86564A009148A1 /* DirectConnectionTests.m */ = {isa = PBXFileReference; fileEncoding = 4; lastKnownFileType = sourcecode.c.objc; path = DirectConnectionTests.m; sourceTree = "<group>"; };
		182CC3C41A150ABE0084E704 /* APIRegisterPushToken.h */ = {isa = PBXFileReference; fileEncoding = 4; lastKnownFileType = sourcecode.c.h; path = APIRegisterPushToken.h; sourceTree = "<group>"; };
		182CC3C51A150ABE0084E704 /* APIRegisterPushToken.m */ = {isa = PBXFileReference; fileEncoding = 4; lastKnownFileType = sourcecode.c.objc; path = APIRegisterPushToken.m; sourceTree = "<group>"; };
		1832F5041A7140A50096B5B6 /* PresenceTests.m */ = {isa = PBXFileReference; fileEncoding = 4; lastKnownFileType = sourcecode.c.objc; path = PresenceTests.m; sourceTree = "<group>"; };
		18440C271A66C99200592DEB /* libwebrtc.a */ = {isa = PBXFileReference; lastKnownFileType = archive.ar; name = libwebrtc.a; path = RespokeSDK/Public/libs/libwebrtc.a; sourceTree = SOURCE_ROOT; };
		18440C301A66C9AE00592DEB /* SocketIO.h */ = {isa = PBXFileReference; fileEncoding = 4; lastKnownFileType = sourcecode.c.h; path = SocketIO.h; sourceTree = "<group>"; };
		18440C311A66C9AE00592DEB /* SocketIO.m */ = {isa = PBXFileReference; fileEncoding = 4; lastKnownFileType = sourcecode.c.objc; path = SocketIO.m; sourceTree = "<group>"; };
		18440C321A66C9AE00592DEB /* SocketIOJSONSerialization.h */ = {isa = PBXFileReference; fileEncoding = 4; lastKnownFileType = sourcecode.c.h; path = SocketIOJSONSerialization.h; sourceTree = "<group>"; };
		18440C331A66C9AE00592DEB /* SocketIOJSONSerialization.m */ = {isa = PBXFileReference; fileEncoding = 4; lastKnownFileType = sourcecode.c.objc; path = SocketIOJSONSerialization.m; sourceTree = "<group>"; };
		18440C341A66C9AE00592DEB /* SocketIOPacket.h */ = {isa = PBXFileReference; fileEncoding = 4; lastKnownFileType = sourcecode.c.h; path = SocketIOPacket.h; sourceTree = "<group>"; };
		18440C351A66C9AE00592DEB /* SocketIOPacket.m */ = {isa = PBXFileReference; fileEncoding = 4; lastKnownFileType = sourcecode.c.objc; path = SocketIOPacket.m; sourceTree = "<group>"; };
		18440C361A66C9AE00592DEB /* SocketIOTransport.h */ = {isa = PBXFileReference; fileEncoding = 4; lastKnownFileType = sourcecode.c.h; path = SocketIOTransport.h; sourceTree = "<group>"; };
		18440C371A66C9AE00592DEB /* SocketIOTransportWebsocket.h */ = {isa = PBXFileReference; fileEncoding = 4; lastKnownFileType = sourcecode.c.h; path = SocketIOTransportWebsocket.h; sourceTree = "<group>"; };
		18440C381A66C9AE00592DEB /* SocketIOTransportWebsocket.m */ = {isa = PBXFileReference; fileEncoding = 4; lastKnownFileType = sourcecode.c.objc; path = SocketIOTransportWebsocket.m; sourceTree = "<group>"; };
		18440C391A66C9AE00592DEB /* SocketIOTransportXHR.h */ = {isa = PBXFileReference; fileEncoding = 4; lastKnownFileType = sourcecode.c.h; path = SocketIOTransportXHR.h; sourceTree = "<group>"; };
		18440C3A1A66C9AE00592DEB /* SocketIOTransportXHR.m */ = {isa = PBXFileReference; fileEncoding = 4; lastKnownFileType = sourcecode.c.objc; path = SocketIOTransportXHR.m; sourceTree = "<group>"; };
		18440F2C1A66CA3300592DEB /* base64.c */ = {isa = PBXFileReference; fileEncoding = 4; lastKnownFileType = sourcecode.c.c; path = base64.c; sourceTree = "<group>"; };
		18440F2D1A66CA3300592DEB /* base64.h */ = {isa = PBXFileReference; fileEncoding = 4; lastKnownFileType = sourcecode.c.h; path = base64.h; sourceTree = "<group>"; };
		18440F2E1A66CA3300592DEB /* NSData+SRB64Additions.h */ = {isa = PBXFileReference; fileEncoding = 4; lastKnownFileType = sourcecode.c.h; path = "NSData+SRB64Additions.h"; sourceTree = "<group>"; };
		18440F2F1A66CA3300592DEB /* NSData+SRB64Additions.m */ = {isa = PBXFileReference; fileEncoding = 4; lastKnownFileType = sourcecode.c.objc; path = "NSData+SRB64Additions.m"; sourceTree = "<group>"; };
		18440F301A66CA3300592DEB /* SocketRocket-Prefix.pch */ = {isa = PBXFileReference; fileEncoding = 4; lastKnownFileType = sourcecode.c.h; path = "SocketRocket-Prefix.pch"; sourceTree = "<group>"; };
		18440F311A66CA3300592DEB /* SRWebSocket.h */ = {isa = PBXFileReference; fileEncoding = 4; lastKnownFileType = sourcecode.c.h; path = SRWebSocket.h; sourceTree = "<group>"; };
		18440F321A66CA3300592DEB /* SRWebSocket.m */ = {isa = PBXFileReference; fileEncoding = 4; lastKnownFileType = sourcecode.c.objc; path = SRWebSocket.m; sourceTree = "<group>"; };
		18440F361A66CA7500592DEB /* Security.framework */ = {isa = PBXFileReference; lastKnownFileType = wrapper.framework; name = Security.framework; path = System/Library/Frameworks/Security.framework; sourceTree = SDKROOT; };
		18440F381A66CA7C00592DEB /* CFNetwork.framework */ = {isa = PBXFileReference; lastKnownFileType = wrapper.framework; name = CFNetwork.framework; path = System/Library/Frameworks/CFNetwork.framework; sourceTree = SDKROOT; };
		18440F3A1A66CA8200592DEB /* GLKit.framework */ = {isa = PBXFileReference; lastKnownFileType = wrapper.framework; name = GLKit.framework; path = System/Library/Frameworks/GLKit.framework; sourceTree = SDKROOT; };
		18440F3C1A66CA8800592DEB /* AudioToolbox.framework */ = {isa = PBXFileReference; lastKnownFileType = wrapper.framework; name = AudioToolbox.framework; path = System/Library/Frameworks/AudioToolbox.framework; sourceTree = SDKROOT; };
		18440F3E1A66CA9700592DEB /* CoreAudio.framework */ = {isa = PBXFileReference; lastKnownFileType = wrapper.framework; name = CoreAudio.framework; path = System/Library/Frameworks/CoreAudio.framework; sourceTree = SDKROOT; };
		18440F401A66CAA500592DEB /* CoreMedia.framework */ = {isa = PBXFileReference; lastKnownFileType = wrapper.framework; name = CoreMedia.framework; path = System/Library/Frameworks/CoreMedia.framework; sourceTree = SDKROOT; };
		18440F421A66CAAE00592DEB /* CoreVideo.framework */ = {isa = PBXFileReference; lastKnownFileType = wrapper.framework; name = CoreVideo.framework; path = System/Library/Frameworks/CoreVideo.framework; sourceTree = SDKROOT; };
		18440F441A66CAB400592DEB /* CoreGraphics.framework */ = {isa = PBXFileReference; lastKnownFileType = wrapper.framework; name = CoreGraphics.framework; path = System/Library/Frameworks/CoreGraphics.framework; sourceTree = SDKROOT; };
		18440F461A66CABB00592DEB /* OpenGLES.framework */ = {isa = PBXFileReference; lastKnownFileType = wrapper.framework; name = OpenGLES.framework; path = System/Library/Frameworks/OpenGLES.framework; sourceTree = SDKROOT; };
		18440F481A66CAC300592DEB /* QuartzCore.framework */ = {isa = PBXFileReference; lastKnownFileType = wrapper.framework; name = QuartzCore.framework; path = System/Library/Frameworks/QuartzCore.framework; sourceTree = SDKROOT; };
		18440F4A1A66CACB00592DEB /* libsqlite3.dylib */ = {isa = PBXFileReference; lastKnownFileType = "compiled.mach-o.dylib"; name = libsqlite3.dylib; path = usr/lib/libsqlite3.dylib; sourceTree = SDKROOT; };
		18440F4C1A66CAF700592DEB /* AVFoundation.framework */ = {isa = PBXFileReference; lastKnownFileType = wrapper.framework; name = AVFoundation.framework; path = System/Library/Frameworks/AVFoundation.framework; sourceTree = SDKROOT; };
		18440F4E1A66CB0700592DEB /* libstdc++.6.dylib */ = {isa = PBXFileReference; lastKnownFileType = "compiled.mach-o.dylib"; name = "libstdc++.6.dylib"; path = "usr/lib/libstdc++.6.dylib"; sourceTree = SDKROOT; };
		18440F501A66CB1700592DEB /* libc++.dylib */ = {isa = PBXFileReference; lastKnownFileType = "compiled.mach-o.dylib"; name = "libc++.dylib"; path = "usr/lib/libc++.dylib"; sourceTree = SDKROOT; };
		18440F521A66CB2F00592DEB /* libicucore.dylib */ = {isa = PBXFileReference; lastKnownFileType = "compiled.mach-o.dylib"; name = libicucore.dylib; path = usr/lib/libicucore.dylib; sourceTree = SDKROOT; };
		187510431A6EA3DE00E7200E /* RespokeTestCase.m */ = {isa = PBXFileReference; fileEncoding = 4; lastKnownFileType = sourcecode.c.objc; path = RespokeTestCase.m; sourceTree = "<group>"; };
		187510451A6EC8DD00E7200E /* RespokeTestCase.h */ = {isa = PBXFileReference; lastKnownFileType = sourcecode.c.h; path = RespokeTestCase.h; sourceTree = "<group>"; };
		189CAB3D1A782D73006E24E5 /* SDKTestUI.app */ = {isa = PBXFileReference; explicitFileType = wrapper.application; includeInIndex = 0; path = SDKTestUI.app; sourceTree = BUILT_PRODUCTS_DIR; };
		189CAB661A783274006E24E5 /* AppDelegate.h */ = {isa = PBXFileReference; fileEncoding = 4; lastKnownFileType = sourcecode.c.h; path = AppDelegate.h; sourceTree = "<group>"; };
		189CAB671A783274006E24E5 /* AppDelegate.m */ = {isa = PBXFileReference; fileEncoding = 4; lastKnownFileType = sourcecode.c.objc; path = AppDelegate.m; sourceTree = "<group>"; };
		189CAB691A783274006E24E5 /* Base */ = {isa = PBXFileReference; lastKnownFileType = file.xib; name = Base; path = Base.lproj/LaunchScreen.xib; sourceTree = "<group>"; };
		189CAB6B1A783274006E24E5 /* Base */ = {isa = PBXFileReference; lastKnownFileType = file.storyboard; name = Base; path = Base.lproj/Main.storyboard; sourceTree = "<group>"; };
		189CAB6C1A783274006E24E5 /* Images.xcassets */ = {isa = PBXFileReference; lastKnownFileType = folder.assetcatalog; path = Images.xcassets; sourceTree = "<group>"; };
		189CAB6D1A783274006E24E5 /* Info.plist */ = {isa = PBXFileReference; fileEncoding = 4; lastKnownFileType = text.plist.xml; path = Info.plist; sourceTree = "<group>"; };
		189CAB6E1A783274006E24E5 /* main.m */ = {isa = PBXFileReference; fileEncoding = 4; lastKnownFileType = sourcecode.c.objc; path = main.m; sourceTree = "<group>"; };
		189CAB6F1A783274006E24E5 /* ViewController.h */ = {isa = PBXFileReference; fileEncoding = 4; lastKnownFileType = sourcecode.c.h; path = ViewController.h; sourceTree = "<group>"; };
		189CAB701A783274006E24E5 /* ViewController.m */ = {isa = PBXFileReference; fileEncoding = 4; lastKnownFileType = sourcecode.c.objc; path = ViewController.m; sourceTree = "<group>"; };
		189CAB781A783451006E24E5 /* CallingTests.m */ = {isa = PBXFileReference; fileEncoding = 4; lastKnownFileType = sourcecode.c.objc; path = CallingTests.m; sourceTree = "<group>"; };
		18AFCBCE199A5E8600818468 /* Respoke+private.h */ = {isa = PBXFileReference; fileEncoding = 4; lastKnownFileType = sourcecode.c.h; path = "Respoke+private.h"; sourceTree = "<group>"; };
		18AFCCA3199BDB0D00818468 /* RespokeConnection.m */ = {isa = PBXFileReference; fileEncoding = 4; lastKnownFileType = sourcecode.c.objc; path = RespokeConnection.m; sourceTree = "<group>"; };
		18AFCCA5199BDB9000818468 /* RespokeConnection+private.h */ = {isa = PBXFileReference; fileEncoding = 4; lastKnownFileType = sourcecode.c.h; path = "RespokeConnection+private.h"; sourceTree = "<group>"; };
		18C7DAB11A70514300D60F0A /* MessagingTests.m */ = {isa = PBXFileReference; fileEncoding = 4; lastKnownFileType = sourcecode.c.objc; path = MessagingTests.m; sourceTree = "<group>"; };
		18C7DAB31A70514300D60F0A /* RespokeClientTests.m */ = {isa = PBXFileReference; fileEncoding = 4; lastKnownFileType = sourcecode.c.objc; path = RespokeClientTests.m; sourceTree = "<group>"; };
		18C7DAB41A70514300D60F0A /* RespokeEndpointTests.m */ = {isa = PBXFileReference; fileEncoding = 4; lastKnownFileType = sourcecode.c.objc; path = RespokeEndpointTests.m; sourceTree = "<group>"; };
		18C7DAB51A70514300D60F0A /* RespokeSDKTests.m */ = {isa = PBXFileReference; fileEncoding = 4; lastKnownFileType = sourcecode.c.objc; path = RespokeSDKTests.m; sourceTree = "<group>"; };
		18E942091993D46E00C8B142 /* libRespokeSDK.a */ = {isa = PBXFileReference; explicitFileType = archive.ar; includeInIndex = 0; path = libRespokeSDK.a; sourceTree = BUILT_PRODUCTS_DIR; };
		18E9420C1993D46E00C8B142 /* Foundation.framework */ = {isa = PBXFileReference; lastKnownFileType = wrapper.framework; name = Foundation.framework; path = System/Library/Frameworks/Foundation.framework; sourceTree = SDKROOT; };
		18E942101993D46E00C8B142 /* RespokeSDK-Prefix.pch */ = {isa = PBXFileReference; lastKnownFileType = sourcecode.c.h; path = "RespokeSDK-Prefix.pch"; sourceTree = "<group>"; };
		18E942191993D46E00C8B142 /* RespokeSDKTests.xctest */ = {isa = PBXFileReference; explicitFileType = wrapper.cfbundle; includeInIndex = 0; path = RespokeSDKTests.xctest; sourceTree = BUILT_PRODUCTS_DIR; };
		18E9421A1993D46E00C8B142 /* XCTest.framework */ = {isa = PBXFileReference; lastKnownFileType = wrapper.framework; name = XCTest.framework; path = Library/Frameworks/XCTest.framework; sourceTree = DEVELOPER_DIR; };
		18E9421D1993D46E00C8B142 /* UIKit.framework */ = {isa = PBXFileReference; lastKnownFileType = wrapper.framework; name = UIKit.framework; path = Library/Frameworks/UIKit.framework; sourceTree = DEVELOPER_DIR; };
		18E942241993D46E00C8B142 /* RespokeSDKTests-Info.plist */ = {isa = PBXFileReference; lastKnownFileType = text.plist.xml; path = "RespokeSDKTests-Info.plist"; sourceTree = "<group>"; };
		18E942261993D46E00C8B142 /* en */ = {isa = PBXFileReference; lastKnownFileType = text.plist.strings; name = en; path = en.lproj/InfoPlist.strings; sourceTree = "<group>"; };
		18E9423C1993D61000C8B142 /* Respoke.m */ = {isa = PBXFileReference; fileEncoding = 4; lastKnownFileType = sourcecode.c.objc; path = Respoke.m; sourceTree = "<group>"; };
		18E9423E1993D61000C8B142 /* RespokeCall.m */ = {isa = PBXFileReference; fileEncoding = 4; lastKnownFileType = sourcecode.c.objc; path = RespokeCall.m; sourceTree = "<group>"; };
		18E942401993D61000C8B142 /* RespokeClient.m */ = {isa = PBXFileReference; fileEncoding = 4; lastKnownFileType = sourcecode.c.objc; path = RespokeClient.m; sourceTree = "<group>"; };
		18E942421993D61000C8B142 /* RespokeEndpoint.m */ = {isa = PBXFileReference; fileEncoding = 4; lastKnownFileType = sourcecode.c.objc; path = RespokeEndpoint.m; sourceTree = "<group>"; };
		18E942441993D61000C8B142 /* RespokeGroup.m */ = {isa = PBXFileReference; fileEncoding = 4; lastKnownFileType = sourcecode.c.objc; path = RespokeGroup.m; sourceTree = "<group>"; };
		18E942461993D61000C8B142 /* RespokeSignalingChannel.h */ = {isa = PBXFileReference; fileEncoding = 4; lastKnownFileType = sourcecode.c.h; path = RespokeSignalingChannel.h; sourceTree = "<group>"; };
		18E942471993D61000C8B142 /* RespokeSignalingChannel.m */ = {isa = PBXFileReference; fileEncoding = 4; lastKnownFileType = sourcecode.c.objc; path = RespokeSignalingChannel.m; sourceTree = "<group>"; };
		18E942491993D61000C8B142 /* APIDoOpen.h */ = {isa = PBXFileReference; fileEncoding = 4; lastKnownFileType = sourcecode.c.h; path = APIDoOpen.h; sourceTree = "<group>"; };
		18E9424A1993D61000C8B142 /* APIDoOpen.m */ = {isa = PBXFileReference; fileEncoding = 4; lastKnownFileType = sourcecode.c.objc; path = APIDoOpen.m; sourceTree = "<group>"; };
		18E9424B1993D61000C8B142 /* APIGetToken.h */ = {isa = PBXFileReference; fileEncoding = 4; lastKnownFileType = sourcecode.c.h; path = APIGetToken.h; sourceTree = "<group>"; };
		18E9424C1993D61000C8B142 /* APIGetToken.m */ = {isa = PBXFileReference; fileEncoding = 4; lastKnownFileType = sourcecode.c.objc; path = APIGetToken.m; sourceTree = "<group>"; };
		18E9424D1993D61000C8B142 /* APITransaction.h */ = {isa = PBXFileReference; fileEncoding = 4; lastKnownFileType = sourcecode.c.h; path = APITransaction.h; sourceTree = "<group>"; };
		18E9424E1993D61000C8B142 /* APITransaction.m */ = {isa = PBXFileReference; fileEncoding = 4; lastKnownFileType = sourcecode.c.objc; path = APITransaction.m; sourceTree = "<group>"; };
		18E943B81993E2B100C8B142 /* SocketIO.h */ = {isa = PBXFileReference; fileEncoding = 4; lastKnownFileType = sourcecode.c.h; path = SocketIO.h; sourceTree = "<group>"; };
		18E943BA1993E2B100C8B142 /* SocketIOJSONSerialization.h */ = {isa = PBXFileReference; fileEncoding = 4; lastKnownFileType = sourcecode.c.h; path = SocketIOJSONSerialization.h; sourceTree = "<group>"; };
		18E943BC1993E2B100C8B142 /* SocketIOPacket.h */ = {isa = PBXFileReference; fileEncoding = 4; lastKnownFileType = sourcecode.c.h; path = SocketIOPacket.h; sourceTree = "<group>"; };
		18E943BE1993E2B100C8B142 /* SocketIOTransport.h */ = {isa = PBXFileReference; fileEncoding = 4; lastKnownFileType = sourcecode.c.h; path = SocketIOTransport.h; sourceTree = "<group>"; };
		18E943BF1993E2B100C8B142 /* SocketIOTransportWebsocket.h */ = {isa = PBXFileReference; fileEncoding = 4; lastKnownFileType = sourcecode.c.h; path = SocketIOTransportWebsocket.h; sourceTree = "<group>"; };
		18E943C11993E2B100C8B142 /* SocketIOTransportXHR.h */ = {isa = PBXFileReference; fileEncoding = 4; lastKnownFileType = sourcecode.c.h; path = SocketIOTransportXHR.h; sourceTree = "<group>"; };
		18E9444A1993EBF800C8B142 /* RespokeCall+private.h */ = {isa = PBXFileReference; fileEncoding = 4; lastKnownFileType = sourcecode.c.h; path = "RespokeCall+private.h"; sourceTree = "<group>"; };
		18E9444B1993EBF800C8B142 /* RespokeClient+private.h */ = {isa = PBXFileReference; fileEncoding = 4; lastKnownFileType = sourcecode.c.h; path = "RespokeClient+private.h"; sourceTree = "<group>"; };
		18E9444C1993EBF800C8B142 /* RespokeEndpoint+private.h */ = {isa = PBXFileReference; fileEncoding = 4; lastKnownFileType = sourcecode.c.h; path = "RespokeEndpoint+private.h"; sourceTree = "<group>"; };
		18E9444D1993EBF800C8B142 /* RespokeGroup+private.h */ = {isa = PBXFileReference; fileEncoding = 4; lastKnownFileType = sourcecode.c.h; path = "RespokeGroup+private.h"; sourceTree = "<group>"; };
		18E945CA19952CF000C8B142 /* RTCAudioSource.h */ = {isa = PBXFileReference; fileEncoding = 4; lastKnownFileType = sourcecode.c.h; path = RTCAudioSource.h; sourceTree = "<group>"; };
		18E945CB19952CF000C8B142 /* RTCAudioTrack.h */ = {isa = PBXFileReference; fileEncoding = 4; lastKnownFileType = sourcecode.c.h; path = RTCAudioTrack.h; sourceTree = "<group>"; };
		18E945CC19952CF000C8B142 /* RTCDataChannel.h */ = {isa = PBXFileReference; fileEncoding = 4; lastKnownFileType = sourcecode.c.h; path = RTCDataChannel.h; sourceTree = "<group>"; };
		18E945CD19952CF000C8B142 /* RTCEAGLVideoView.h */ = {isa = PBXFileReference; fileEncoding = 4; lastKnownFileType = sourcecode.c.h; path = RTCEAGLVideoView.h; sourceTree = "<group>"; };
		18E945CE19952CF000C8B142 /* RTCI420Frame.h */ = {isa = PBXFileReference; fileEncoding = 4; lastKnownFileType = sourcecode.c.h; path = RTCI420Frame.h; sourceTree = "<group>"; };
		18E945CF19952CF000C8B142 /* RTCICECandidate.h */ = {isa = PBXFileReference; fileEncoding = 4; lastKnownFileType = sourcecode.c.h; path = RTCICECandidate.h; sourceTree = "<group>"; };
		18E945D019952CF000C8B142 /* RTCICEServer.h */ = {isa = PBXFileReference; fileEncoding = 4; lastKnownFileType = sourcecode.c.h; path = RTCICEServer.h; sourceTree = "<group>"; };
		18E945D119952CF000C8B142 /* RTCMediaConstraints.h */ = {isa = PBXFileReference; fileEncoding = 4; lastKnownFileType = sourcecode.c.h; path = RTCMediaConstraints.h; sourceTree = "<group>"; };
		18E945D219952CF000C8B142 /* RTCMediaSource.h */ = {isa = PBXFileReference; fileEncoding = 4; lastKnownFileType = sourcecode.c.h; path = RTCMediaSource.h; sourceTree = "<group>"; };
		18E945D319952CF000C8B142 /* RTCMediaStream.h */ = {isa = PBXFileReference; fileEncoding = 4; lastKnownFileType = sourcecode.c.h; path = RTCMediaStream.h; sourceTree = "<group>"; };
		18E945D419952CF000C8B142 /* RTCMediaStreamTrack.h */ = {isa = PBXFileReference; fileEncoding = 4; lastKnownFileType = sourcecode.c.h; path = RTCMediaStreamTrack.h; sourceTree = "<group>"; };
		18E945D519952CF000C8B142 /* RTCNSGLVideoView.h */ = {isa = PBXFileReference; fileEncoding = 4; lastKnownFileType = sourcecode.c.h; path = RTCNSGLVideoView.h; sourceTree = "<group>"; };
		18E945D619952CF000C8B142 /* RTCOpenGLVideoRenderer.h */ = {isa = PBXFileReference; fileEncoding = 4; lastKnownFileType = sourcecode.c.h; path = RTCOpenGLVideoRenderer.h; sourceTree = "<group>"; };
		18E945D719952CF000C8B142 /* RTCPair.h */ = {isa = PBXFileReference; fileEncoding = 4; lastKnownFileType = sourcecode.c.h; path = RTCPair.h; sourceTree = "<group>"; };
		18E945D819952CF000C8B142 /* RTCPeerConnection.h */ = {isa = PBXFileReference; fileEncoding = 4; lastKnownFileType = sourcecode.c.h; path = RTCPeerConnection.h; sourceTree = "<group>"; };
		18E945D919952CF000C8B142 /* RTCPeerConnectionDelegate.h */ = {isa = PBXFileReference; fileEncoding = 4; lastKnownFileType = sourcecode.c.h; path = RTCPeerConnectionDelegate.h; sourceTree = "<group>"; };
		18E945DA19952CF000C8B142 /* RTCPeerConnectionFactory.h */ = {isa = PBXFileReference; fileEncoding = 4; lastKnownFileType = sourcecode.c.h; path = RTCPeerConnectionFactory.h; sourceTree = "<group>"; };
		18E945DB19952CF000C8B142 /* RTCSessionDescription.h */ = {isa = PBXFileReference; fileEncoding = 4; lastKnownFileType = sourcecode.c.h; path = RTCSessionDescription.h; sourceTree = "<group>"; };
		18E945DC19952CF000C8B142 /* RTCSessionDescriptionDelegate.h */ = {isa = PBXFileReference; fileEncoding = 4; lastKnownFileType = sourcecode.c.h; path = RTCSessionDescriptionDelegate.h; sourceTree = "<group>"; };
		18E945DD19952CF000C8B142 /* RTCStatsDelegate.h */ = {isa = PBXFileReference; fileEncoding = 4; lastKnownFileType = sourcecode.c.h; path = RTCStatsDelegate.h; sourceTree = "<group>"; };
		18E945DE19952CF000C8B142 /* RTCStatsReport.h */ = {isa = PBXFileReference; fileEncoding = 4; lastKnownFileType = sourcecode.c.h; path = RTCStatsReport.h; sourceTree = "<group>"; };
		18E945DF19952CF000C8B142 /* RTCTypes.h */ = {isa = PBXFileReference; fileEncoding = 4; lastKnownFileType = sourcecode.c.h; path = RTCTypes.h; sourceTree = "<group>"; };
		18E945E019952CF000C8B142 /* RTCVideoCapturer.h */ = {isa = PBXFileReference; fileEncoding = 4; lastKnownFileType = sourcecode.c.h; path = RTCVideoCapturer.h; sourceTree = "<group>"; };
		18E945E119952CF000C8B142 /* RTCVideoRenderer.h */ = {isa = PBXFileReference; fileEncoding = 4; lastKnownFileType = sourcecode.c.h; path = RTCVideoRenderer.h; sourceTree = "<group>"; };
		18E945E219952CF000C8B142 /* RTCVideoSource.h */ = {isa = PBXFileReference; fileEncoding = 4; lastKnownFileType = sourcecode.c.h; path = RTCVideoSource.h; sourceTree = "<group>"; };
		18E945E319952CF000C8B142 /* RTCVideoTrack.h */ = {isa = PBXFileReference; fileEncoding = 4; lastKnownFileType = sourcecode.c.h; path = RTCVideoTrack.h; sourceTree = "<group>"; };
		18FB22441A72AD2100057C1B /* GroupTests.m */ = {isa = PBXFileReference; fileEncoding = 4; lastKnownFileType = sourcecode.c.objc; path = GroupTests.m; sourceTree = "<group>"; };
		18FB22461A72C0CA00057C1B /* RespokeGroupTests.m */ = {isa = PBXFileReference; fileEncoding = 4; lastKnownFileType = sourcecode.c.objc; name = RespokeGroupTests.m; path = RespokeSDKTests/unit/RespokeGroupTests.m; sourceTree = SOURCE_ROOT; };
		D42AE9E71A38DB8D00B1C9A1 /* Respoke.h */ = {isa = PBXFileReference; fileEncoding = 4; lastKnownFileType = sourcecode.c.h; name = Respoke.h; path = Public/Respoke.h; sourceTree = "<group>"; };
		D42AE9E81A38DB8D00B1C9A1 /* RespokeCall.h */ = {isa = PBXFileReference; fileEncoding = 4; lastKnownFileType = sourcecode.c.h; name = RespokeCall.h; path = Public/RespokeCall.h; sourceTree = "<group>"; };
		D42AE9E91A38DB8D00B1C9A1 /* RespokeClient.h */ = {isa = PBXFileReference; fileEncoding = 4; lastKnownFileType = sourcecode.c.h; name = RespokeClient.h; path = Public/RespokeClient.h; sourceTree = "<group>"; };
		D42AE9EA1A38DB8D00B1C9A1 /* RespokeConnection.h */ = {isa = PBXFileReference; fileEncoding = 4; lastKnownFileType = sourcecode.c.h; name = RespokeConnection.h; path = Public/RespokeConnection.h; sourceTree = "<group>"; };
		D42AE9EB1A38DB8D00B1C9A1 /* RespokeDirectConnection.h */ = {isa = PBXFileReference; fileEncoding = 4; lastKnownFileType = sourcecode.c.h; name = RespokeDirectConnection.h; path = Public/RespokeDirectConnection.h; sourceTree = "<group>"; };
		D42AE9EC1A38DB8D00B1C9A1 /* RespokeEndpoint.h */ = {isa = PBXFileReference; fileEncoding = 4; lastKnownFileType = sourcecode.c.h; name = RespokeEndpoint.h; path = Public/RespokeEndpoint.h; sourceTree = "<group>"; };
		D42AE9ED1A38DB8D00B1C9A1 /* RespokeGroup.h */ = {isa = PBXFileReference; fileEncoding = 4; lastKnownFileType = sourcecode.c.h; name = RespokeGroup.h; path = Public/RespokeGroup.h; sourceTree = "<group>"; };
		D44877651A39100F005D78E9 /* SocketIO.h */ = {isa = PBXFileReference; fileEncoding = 4; lastKnownFileType = sourcecode.c.h; name = SocketIO.h; path = "socket.IO-objc/SocketIO.h"; sourceTree = "<group>"; };
		D44877661A39100F005D78E9 /* SocketIOJSONSerialization.h */ = {isa = PBXFileReference; fileEncoding = 4; lastKnownFileType = sourcecode.c.h; name = SocketIOJSONSerialization.h; path = "socket.IO-objc/SocketIOJSONSerialization.h"; sourceTree = "<group>"; };
		D44877671A39100F005D78E9 /* SocketIOPacket.h */ = {isa = PBXFileReference; fileEncoding = 4; lastKnownFileType = sourcecode.c.h; name = SocketIOPacket.h; path = "socket.IO-objc/SocketIOPacket.h"; sourceTree = "<group>"; };
		D44877681A39100F005D78E9 /* SocketIOTransport.h */ = {isa = PBXFileReference; fileEncoding = 4; lastKnownFileType = sourcecode.c.h; name = SocketIOTransport.h; path = "socket.IO-objc/SocketIOTransport.h"; sourceTree = "<group>"; };
		D44877691A39100F005D78E9 /* SocketIOTransportWebsocket.h */ = {isa = PBXFileReference; fileEncoding = 4; lastKnownFileType = sourcecode.c.h; name = SocketIOTransportWebsocket.h; path = "socket.IO-objc/SocketIOTransportWebsocket.h"; sourceTree = "<group>"; };
		D448776A1A39100F005D78E9 /* SocketIOTransportXHR.h */ = {isa = PBXFileReference; fileEncoding = 4; lastKnownFileType = sourcecode.c.h; name = SocketIOTransportXHR.h; path = "socket.IO-objc/SocketIOTransportXHR.h"; sourceTree = "<group>"; };
		D452EDB01A68A8EE0080D954 /* RespokeMediaStats.m */ = {isa = PBXFileReference; fileEncoding = 4; lastKnownFileType = sourcecode.c.objc; path = RespokeMediaStats.m; sourceTree = "<group>"; };
		D452EDB21A68A9250080D954 /* RespokeMediaStats.h */ = {isa = PBXFileReference; fileEncoding = 4; lastKnownFileType = sourcecode.c.h; name = RespokeMediaStats.h; path = Public/RespokeMediaStats.h; sourceTree = "<group>"; };
		D452EDB31A69C01D0080D954 /* RespokeMediaStats+private.h */ = {isa = PBXFileReference; fileEncoding = 4; lastKnownFileType = sourcecode.c.h; path = "RespokeMediaStats+private.h"; sourceTree = "<group>"; };
/* End PBXFileReference section */

/* Begin PBXFrameworksBuildPhase section */
		189CAB3A1A782D73006E24E5 /* Frameworks */ = {
			isa = PBXFrameworksBuildPhase;
			buildActionMask = 2147483647;
			files = (
			);
			runOnlyForDeploymentPostprocessing = 0;
		};
		18E942061993D46E00C8B142 /* Frameworks */ = {
			isa = PBXFrameworksBuildPhase;
			buildActionMask = 2147483647;
			files = (
				18E9420D1993D46E00C8B142 /* Foundation.framework in Frameworks */,
			);
			runOnlyForDeploymentPostprocessing = 0;
		};
		18E942161993D46E00C8B142 /* Frameworks */ = {
			isa = PBXFrameworksBuildPhase;
			buildActionMask = 2147483647;
			files = (
				18440F531A66CB2F00592DEB /* libicucore.dylib in Frameworks */,
				18440F511A66CB1700592DEB /* libc++.dylib in Frameworks */,
				18440F4F1A66CB0700592DEB /* libstdc++.6.dylib in Frameworks */,
				18440F4D1A66CAF700592DEB /* AVFoundation.framework in Frameworks */,
				18440F4B1A66CACB00592DEB /* libsqlite3.dylib in Frameworks */,
				18440F491A66CAC300592DEB /* QuartzCore.framework in Frameworks */,
				18440F471A66CABB00592DEB /* OpenGLES.framework in Frameworks */,
				18440F451A66CAB400592DEB /* CoreGraphics.framework in Frameworks */,
				18440F431A66CAAE00592DEB /* CoreVideo.framework in Frameworks */,
				18440F411A66CAA500592DEB /* CoreMedia.framework in Frameworks */,
				18440F3F1A66CA9700592DEB /* CoreAudio.framework in Frameworks */,
				18440F3D1A66CA8800592DEB /* AudioToolbox.framework in Frameworks */,
				18440F3B1A66CA8200592DEB /* GLKit.framework in Frameworks */,
				18440F391A66CA7C00592DEB /* CFNetwork.framework in Frameworks */,
				18440F371A66CA7500592DEB /* Security.framework in Frameworks */,
				18E942211993D46E00C8B142 /* libRespokeSDK.a in Frameworks */,
				18E9421B1993D46E00C8B142 /* XCTest.framework in Frameworks */,
				18E9421E1993D46E00C8B142 /* UIKit.framework in Frameworks */,
				18440C281A66C99200592DEB /* libwebrtc.a in Frameworks */,
				18E9421C1993D46E00C8B142 /* Foundation.framework in Frameworks */,
			);
			runOnlyForDeploymentPostprocessing = 0;
		};
/* End PBXFrameworksBuildPhase section */

/* Begin PBXGroup section */
		18440C261A66C8DB00592DEB /* Libraries */ = {
			isa = PBXGroup;
			children = (
				18440C291A66C9AE00592DEB /* socket.IO-objc */,
				18440C271A66C99200592DEB /* libwebrtc.a */,
			);
			name = Libraries;
			sourceTree = "<group>";
		};
		18440C291A66C9AE00592DEB /* socket.IO-objc */ = {
			isa = PBXGroup;
			children = (
				18440F2B1A66CA3300592DEB /* SocketRocket */,
				18440C301A66C9AE00592DEB /* SocketIO.h */,
				18440C311A66C9AE00592DEB /* SocketIO.m */,
				18440C321A66C9AE00592DEB /* SocketIOJSONSerialization.h */,
				18440C331A66C9AE00592DEB /* SocketIOJSONSerialization.m */,
				18440C341A66C9AE00592DEB /* SocketIOPacket.h */,
				18440C351A66C9AE00592DEB /* SocketIOPacket.m */,
				18440C361A66C9AE00592DEB /* SocketIOTransport.h */,
				18440C371A66C9AE00592DEB /* SocketIOTransportWebsocket.h */,
				18440C381A66C9AE00592DEB /* SocketIOTransportWebsocket.m */,
				18440C391A66C9AE00592DEB /* SocketIOTransportXHR.h */,
				18440C3A1A66C9AE00592DEB /* SocketIOTransportXHR.m */,
			);
			path = "socket.IO-objc";
			sourceTree = SOURCE_ROOT;
		};
		18440F2B1A66CA3300592DEB /* SocketRocket */ = {
			isa = PBXGroup;
			children = (
				18440F2C1A66CA3300592DEB /* base64.c */,
				18440F2D1A66CA3300592DEB /* base64.h */,
				18440F2E1A66CA3300592DEB /* NSData+SRB64Additions.h */,
				18440F2F1A66CA3300592DEB /* NSData+SRB64Additions.m */,
				18440F301A66CA3300592DEB /* SocketRocket-Prefix.pch */,
				18440F311A66CA3300592DEB /* SRWebSocket.h */,
				18440F321A66CA3300592DEB /* SRWebSocket.m */,
			);
			name = SocketRocket;
			path = "submodules/socket-rocket/SocketRocket";
			sourceTree = "<group>";
		};
		189CAB651A783274006E24E5 /* SDKTestUI */ = {
			isa = PBXGroup;
			children = (
				189CAB661A783274006E24E5 /* AppDelegate.h */,
				189CAB671A783274006E24E5 /* AppDelegate.m */,
				189CAB681A783274006E24E5 /* LaunchScreen.xib */,
				189CAB6A1A783274006E24E5 /* Main.storyboard */,
				189CAB6C1A783274006E24E5 /* Images.xcassets */,
				189CAB6D1A783274006E24E5 /* Info.plist */,
				189CAB6E1A783274006E24E5 /* main.m */,
				189CAB6F1A783274006E24E5 /* ViewController.h */,
				189CAB701A783274006E24E5 /* ViewController.m */,
			);
			path = SDKTestUI;
			sourceTree = "<group>";
		};
		18C7DAB01A70514300D60F0A /* Functional */ = {
			isa = PBXGroup;
			children = (
				189CAB781A783451006E24E5 /* CallingTests.m */,
				182A2EFC1A86564A009148A1 /* DirectConnectionTests.m */,
				18FB22441A72AD2100057C1B /* GroupTests.m */,
				18C7DAB11A70514300D60F0A /* MessagingTests.m */,
				1832F5041A7140A50096B5B6 /* PresenceTests.m */,
			);
			path = Functional;
			sourceTree = "<group>";
		};
		18C7DAB21A70514300D60F0A /* Unit */ = {
			isa = PBXGroup;
			children = (
				18C7DAB31A70514300D60F0A /* RespokeClientTests.m */,
				18C7DAB41A70514300D60F0A /* RespokeEndpointTests.m */,
				18C7DAB51A70514300D60F0A /* RespokeSDKTests.m */,
				18FB22461A72C0CA00057C1B /* RespokeGroupTests.m */,
			);
			path = Unit;
			sourceTree = "<group>";
		};
		18E942001993D46E00C8B142 = {
			isa = PBXGroup;
			children = (
				D44877641A390FD7005D78E9 /* SocketIO */,
				18E9420E1993D46E00C8B142 /* RespokeSDK */,
				18E942221993D46E00C8B142 /* RespokeSDKTests */,
				18E9420B1993D46E00C8B142 /* Frameworks */,
				18E9420A1993D46E00C8B142 /* Products */,
			);
			sourceTree = "<group>";
		};
		18E9420A1993D46E00C8B142 /* Products */ = {
			isa = PBXGroup;
			children = (
				18E942091993D46E00C8B142 /* libRespokeSDK.a */,
				18E942191993D46E00C8B142 /* RespokeSDKTests.xctest */,
				189CAB3D1A782D73006E24E5 /* SDKTestUI.app */,
			);
			name = Products;
			sourceTree = "<group>";
		};
		18E9420B1993D46E00C8B142 /* Frameworks */ = {
			isa = PBXGroup;
			children = (
				18440F521A66CB2F00592DEB /* libicucore.dylib */,
				18440F501A66CB1700592DEB /* libc++.dylib */,
				18440F4E1A66CB0700592DEB /* libstdc++.6.dylib */,
				18440F4C1A66CAF700592DEB /* AVFoundation.framework */,
				18440F4A1A66CACB00592DEB /* libsqlite3.dylib */,
				18440F481A66CAC300592DEB /* QuartzCore.framework */,
				18440F461A66CABB00592DEB /* OpenGLES.framework */,
				18440F441A66CAB400592DEB /* CoreGraphics.framework */,
				18440F421A66CAAE00592DEB /* CoreVideo.framework */,
				18440F401A66CAA500592DEB /* CoreMedia.framework */,
				18440F3E1A66CA9700592DEB /* CoreAudio.framework */,
				18440F3C1A66CA8800592DEB /* AudioToolbox.framework */,
				18440F3A1A66CA8200592DEB /* GLKit.framework */,
				18440F381A66CA7C00592DEB /* CFNetwork.framework */,
				18440F361A66CA7500592DEB /* Security.framework */,
				18E9420C1993D46E00C8B142 /* Foundation.framework */,
				18E9421A1993D46E00C8B142 /* XCTest.framework */,
				18E9421D1993D46E00C8B142 /* UIKit.framework */,
			);
			name = Frameworks;
			sourceTree = "<group>";
		};
		18E9420E1993D46E00C8B142 /* RespokeSDK */ = {
			isa = PBXGroup;
			children = (
				18E947121995329E00C8B142 /* PublicHeaders */,
				18E9423C1993D61000C8B142 /* Respoke.m */,
				18AFCBCE199A5E8600818468 /* Respoke+private.h */,
				18E9423E1993D61000C8B142 /* RespokeCall.m */,
				18E9444A1993EBF800C8B142 /* RespokeCall+private.h */,
				D452EDB01A68A8EE0080D954 /* RespokeMediaStats.m */,
				D452EDB31A69C01D0080D954 /* RespokeMediaStats+private.h */,
				18E942401993D61000C8B142 /* RespokeClient.m */,
				18E9444B1993EBF800C8B142 /* RespokeClient+private.h */,
				18AFCCA3199BDB0D00818468 /* RespokeConnection.m */,
				18AFCCA5199BDB9000818468 /* RespokeConnection+private.h */,
				180BE48C19F9A8DF005BA3A1 /* RespokeDirectConnection.m */,
				180BE49219F9A990005BA3A1 /* RespokeDirectConnection+private.h */,
				18E942421993D61000C8B142 /* RespokeEndpoint.m */,
				18E9444C1993EBF800C8B142 /* RespokeEndpoint+private.h */,
				18E942441993D61000C8B142 /* RespokeGroup.m */,
				18E9444D1993EBF800C8B142 /* RespokeGroup+private.h */,
				18E942461993D61000C8B142 /* RespokeSignalingChannel.h */,
				18E942471993D61000C8B142 /* RespokeSignalingChannel.m */,
				18E942481993D61000C8B142 /* RestAPI */,
				18E943B11993E2B000C8B142 /* socketIOobjc */,
				18E9420F1993D46E00C8B142 /* Supporting Files */,
				18E945C919952CF000C8B142 /* WebRTC */,
			);
			path = RespokeSDK;
			sourceTree = "<group>";
		};
		18E9420F1993D46E00C8B142 /* Supporting Files */ = {
			isa = PBXGroup;
			children = (
				18E942101993D46E00C8B142 /* RespokeSDK-Prefix.pch */,
			);
			name = "Supporting Files";
			sourceTree = "<group>";
		};
		18E942221993D46E00C8B142 /* RespokeSDKTests */ = {
			isa = PBXGroup;
			children = (
				189CAB651A783274006E24E5 /* SDKTestUI */,
				18C7DAB01A70514300D60F0A /* Functional */,
				18440C261A66C8DB00592DEB /* Libraries */,
				187510451A6EC8DD00E7200E /* RespokeTestCase.h */,
				187510431A6EA3DE00E7200E /* RespokeTestCase.m */,
				18E942231993D46E00C8B142 /* Supporting Files */,
				18C7DAB21A70514300D60F0A /* Unit */,
			);
			path = RespokeSDKTests;
			sourceTree = "<group>";
		};
		18E942231993D46E00C8B142 /* Supporting Files */ = {
			isa = PBXGroup;
			children = (
				18E942241993D46E00C8B142 /* RespokeSDKTests-Info.plist */,
				18E942251993D46E00C8B142 /* InfoPlist.strings */,
			);
			name = "Supporting Files";
			sourceTree = "<group>";
		};
		18E942481993D61000C8B142 /* RestAPI */ = {
			isa = PBXGroup;
			children = (
				18E942491993D61000C8B142 /* APIDoOpen.h */,
				18E9424A1993D61000C8B142 /* APIDoOpen.m */,
				18E9424B1993D61000C8B142 /* APIGetToken.h */,
				18E9424C1993D61000C8B142 /* APIGetToken.m */,
				182CC3C41A150ABE0084E704 /* APIRegisterPushToken.h */,
				182CC3C51A150ABE0084E704 /* APIRegisterPushToken.m */,
				18E9424D1993D61000C8B142 /* APITransaction.h */,
				18E9424E1993D61000C8B142 /* APITransaction.m */,
			);
			path = RestAPI;
			sourceTree = "<group>";
		};
		18E943B11993E2B000C8B142 /* socketIOobjc */ = {
			isa = PBXGroup;
			children = (
				18E943B81993E2B100C8B142 /* SocketIO.h */,
				18E943BA1993E2B100C8B142 /* SocketIOJSONSerialization.h */,
				18E943BC1993E2B100C8B142 /* SocketIOPacket.h */,
				18E943BE1993E2B100C8B142 /* SocketIOTransport.h */,
				18E943BF1993E2B100C8B142 /* SocketIOTransportWebsocket.h */,
				18E943C11993E2B100C8B142 /* SocketIOTransportXHR.h */,
			);
			name = socketIOobjc;
			path = ../../Respoke/socketIOobjc;
			sourceTree = "<group>";
		};
		18E945C919952CF000C8B142 /* WebRTC */ = {
			isa = PBXGroup;
			children = (
				18E945CA19952CF000C8B142 /* RTCAudioSource.h */,
				18E945CB19952CF000C8B142 /* RTCAudioTrack.h */,
				18E945CC19952CF000C8B142 /* RTCDataChannel.h */,
				18E945CD19952CF000C8B142 /* RTCEAGLVideoView.h */,
				18E945CE19952CF000C8B142 /* RTCI420Frame.h */,
				18E945CF19952CF000C8B142 /* RTCICECandidate.h */,
				18E945D019952CF000C8B142 /* RTCICEServer.h */,
				18E945D119952CF000C8B142 /* RTCMediaConstraints.h */,
				18E945D219952CF000C8B142 /* RTCMediaSource.h */,
				18E945D319952CF000C8B142 /* RTCMediaStream.h */,
				18E945D419952CF000C8B142 /* RTCMediaStreamTrack.h */,
				18E945D519952CF000C8B142 /* RTCNSGLVideoView.h */,
				18E945D619952CF000C8B142 /* RTCOpenGLVideoRenderer.h */,
				18E945D719952CF000C8B142 /* RTCPair.h */,
				18E945D819952CF000C8B142 /* RTCPeerConnection.h */,
				18E945D919952CF000C8B142 /* RTCPeerConnectionDelegate.h */,
				18E945DA19952CF000C8B142 /* RTCPeerConnectionFactory.h */,
				18E945DB19952CF000C8B142 /* RTCSessionDescription.h */,
				18E945DC19952CF000C8B142 /* RTCSessionDescriptionDelegate.h */,
				18E945DD19952CF000C8B142 /* RTCStatsDelegate.h */,
				18E945DE19952CF000C8B142 /* RTCStatsReport.h */,
				18E945DF19952CF000C8B142 /* RTCTypes.h */,
				18E945E019952CF000C8B142 /* RTCVideoCapturer.h */,
				18E945E119952CF000C8B142 /* RTCVideoRenderer.h */,
				18E945E219952CF000C8B142 /* RTCVideoSource.h */,
				18E945E319952CF000C8B142 /* RTCVideoTrack.h */,
			);
			path = WebRTC;
			sourceTree = "<group>";
		};
		18E947121995329E00C8B142 /* PublicHeaders */ = {
			isa = PBXGroup;
			children = (
				D42AE9E71A38DB8D00B1C9A1 /* Respoke.h */,
				D42AE9E81A38DB8D00B1C9A1 /* RespokeCall.h */,
				D452EDB21A68A9250080D954 /* RespokeMediaStats.h */,
				D42AE9E91A38DB8D00B1C9A1 /* RespokeClient.h */,
				D42AE9EA1A38DB8D00B1C9A1 /* RespokeConnection.h */,
				D42AE9EB1A38DB8D00B1C9A1 /* RespokeDirectConnection.h */,
				D42AE9EC1A38DB8D00B1C9A1 /* RespokeEndpoint.h */,
				D42AE9ED1A38DB8D00B1C9A1 /* RespokeGroup.h */,
			);
			name = PublicHeaders;
			sourceTree = "<group>";
		};
		D44877641A390FD7005D78E9 /* SocketIO */ = {
			isa = PBXGroup;
			children = (
				D44877651A39100F005D78E9 /* SocketIO.h */,
				D44877661A39100F005D78E9 /* SocketIOJSONSerialization.h */,
				D44877671A39100F005D78E9 /* SocketIOPacket.h */,
				D44877681A39100F005D78E9 /* SocketIOTransport.h */,
				D44877691A39100F005D78E9 /* SocketIOTransportWebsocket.h */,
				D448776A1A39100F005D78E9 /* SocketIOTransportXHR.h */,
			);
			name = SocketIO;
			sourceTree = "<group>";
		};
/* End PBXGroup section */

/* Begin PBXNativeTarget section */
		189CAB3C1A782D73006E24E5 /* SDKTestUI */ = {
			isa = PBXNativeTarget;
			buildConfigurationList = 189CAB611A782D74006E24E5 /* Build configuration list for PBXNativeTarget "SDKTestUI" */;
			buildPhases = (
				189CAB391A782D73006E24E5 /* Sources */,
				189CAB3A1A782D73006E24E5 /* Frameworks */,
				189CAB3B1A782D73006E24E5 /* Resources */,
			);
			buildRules = (
			);
			dependencies = (
			);
			name = SDKTestUI;
			productName = SDKTestUI;
			productReference = 189CAB3D1A782D73006E24E5 /* SDKTestUI.app */;
			productType = "com.apple.product-type.application";
		};
		18E942081993D46E00C8B142 /* RespokeSDK */ = {
			isa = PBXNativeTarget;
			buildConfigurationList = 18E9422C1993D46E00C8B142 /* Build configuration list for PBXNativeTarget "RespokeSDK" */;
			buildPhases = (
				18E942051993D46E00C8B142 /* Sources */,
				18E942061993D46E00C8B142 /* Frameworks */,
				18E942071993D46E00C8B142 /* CopyFiles */,
			);
			buildRules = (
			);
			dependencies = (
			);
			name = RespokeSDK;
			productName = RespokeSDK;
			productReference = 18E942091993D46E00C8B142 /* libRespokeSDK.a */;
			productType = "com.apple.product-type.library.static";
		};
		18E942181993D46E00C8B142 /* RespokeSDKTests */ = {
			isa = PBXNativeTarget;
			buildConfigurationList = 18E9422F1993D46E00C8B142 /* Build configuration list for PBXNativeTarget "RespokeSDKTests" */;
			buildPhases = (
				18E942151993D46E00C8B142 /* Sources */,
				18E942161993D46E00C8B142 /* Frameworks */,
				18E942171993D46E00C8B142 /* Resources */,
			);
			buildRules = (
			);
			dependencies = (
				18E942201993D46E00C8B142 /* PBXTargetDependency */,
				189CAB641A782D95006E24E5 /* PBXTargetDependency */,
			);
			name = RespokeSDKTests;
			productName = RespokeSDKTests;
			productReference = 18E942191993D46E00C8B142 /* RespokeSDKTests.xctest */;
			productType = "com.apple.product-type.bundle.unit-test";
		};
/* End PBXNativeTarget section */

/* Begin PBXProject section */
		18E942011993D46E00C8B142 /* Project object */ = {
			isa = PBXProject;
			attributes = {
				LastUpgradeCheck = 0610;
				ORGANIZATIONNAME = "Digium, Inc.";
				TargetAttributes = {
					189CAB3C1A782D73006E24E5 = {
						CreatedOnToolsVersion = 6.1.1;
						DevelopmentTeam = TUJ68F8659;
					};
					18E942181993D46E00C8B142 = {
						TestTargetID = 189CAB3C1A782D73006E24E5;
					};
				};
			};
			buildConfigurationList = 18E942041993D46E00C8B142 /* Build configuration list for PBXProject "RespokeSDK" */;
			compatibilityVersion = "Xcode 3.2";
			developmentRegion = English;
			hasScannedForEncodings = 0;
			knownRegions = (
				en,
				Base,
			);
			mainGroup = 18E942001993D46E00C8B142;
			productRefGroup = 18E9420A1993D46E00C8B142 /* Products */;
			projectDirPath = "";
			projectRoot = "";
			targets = (
				18E942081993D46E00C8B142 /* RespokeSDK */,
				18E942181993D46E00C8B142 /* RespokeSDKTests */,
				18E945C419952B2200C8B142 /* UniversalLib */,
				189CAB3C1A782D73006E24E5 /* SDKTestUI */,
			);
		};
/* End PBXProject section */

/* Begin PBXResourcesBuildPhase section */
		189CAB3B1A782D73006E24E5 /* Resources */ = {
			isa = PBXResourcesBuildPhase;
			buildActionMask = 2147483647;
			files = (
				189CAB751A783274006E24E5 /* Info.plist in Resources */,
				189CAB741A783274006E24E5 /* Images.xcassets in Resources */,
				189CAB721A783274006E24E5 /* LaunchScreen.xib in Resources */,
				189CAB731A783274006E24E5 /* Main.storyboard in Resources */,
			);
			runOnlyForDeploymentPostprocessing = 0;
		};
		18E942171993D46E00C8B142 /* Resources */ = {
			isa = PBXResourcesBuildPhase;
			buildActionMask = 2147483647;
			files = (
				18E942271993D46E00C8B142 /* InfoPlist.strings in Resources */,
			);
			runOnlyForDeploymentPostprocessing = 0;
		};
/* End PBXResourcesBuildPhase section */

/* Begin PBXShellScriptBuildPhase section */
		18E945C819952B5300C8B142 /* ShellScript */ = {
			isa = PBXShellScriptBuildPhase;
			buildActionMask = 2147483647;
			files = (
			);
			inputPaths = (
			);
			outputPaths = (
			);
			runOnlyForDeploymentPostprocessing = 0;
			shellPath = /bin/sh;
			shellScript = "# define output folder environment variable\nUNIVERSAL_OUTPUTFOLDER=${SRCROOT}/RespokeSDK/Public/libs\n\n# remove any old version of the lib\n[ -e \"${UNIVERSAL_OUTPUTFOLDER}/libRespokeSDK.a\" ] && rm \"${UNIVERSAL_OUTPUTFOLDER}/libRespokeSDK.a\"\n\n# Step 1. Build Device and Simulator versions\nxcodebuild -target RespokeSDK ONLY_ACTIVE_ARCH=NO -configuration ${CONFIGURATION} -sdk iphoneos  BUILD_DIR=\"${BUILD_DIR}\" BUILD_ROOT=\"${BUILD_ROOT}\"\nxcodebuild -target RespokeSDK ONLY_ACTIVE_ARCH=NO -configuration ${CONFIGURATION} -sdk iphonesimulator BUILD_DIR=\"${BUILD_DIR}\" BUILD_ROOT=\"${BUILD_ROOT}\"\n    \n# Step 2. Create universal binary file using lipo\nlipo -create -output \"${UNIVERSAL_OUTPUTFOLDER}/libRespokeSDK.a\" \"${BUILD_DIR}/${CONFIGURATION}-iphoneos/lib${PROJECT_NAME}.a\" \"${BUILD_DIR}/${CONFIGURATION}-iphonesimulator/lib${PROJECT_NAME}.a\"";
		};
/* End PBXShellScriptBuildPhase section */

/* Begin PBXSourcesBuildPhase section */
		189CAB391A782D73006E24E5 /* Sources */ = {
			isa = PBXSourcesBuildPhase;
			buildActionMask = 2147483647;
			files = (
				189CAB771A783274006E24E5 /* ViewController.m in Sources */,
				189CAB761A783274006E24E5 /* main.m in Sources */,
				189CAB711A783274006E24E5 /* AppDelegate.m in Sources */,
			);
			runOnlyForDeploymentPostprocessing = 0;
		};
		18E942051993D46E00C8B142 /* Sources */ = {
			isa = PBXSourcesBuildPhase;
			buildActionMask = 2147483647;
			files = (
				18E942551993D61000C8B142 /* APIDoOpen.m in Sources */,
				18AFCCA4199BDB0D00818468 /* RespokeConnection.m in Sources */,
				18E942511993D61000C8B142 /* RespokeClient.m in Sources */,
				18E9424F1993D61000C8B142 /* Respoke.m in Sources */,
				18E942561993D61000C8B142 /* APIGetToken.m in Sources */,
				18E942541993D61000C8B142 /* RespokeSignalingChannel.m in Sources */,
				18E942521993D61000C8B142 /* RespokeEndpoint.m in Sources */,
				18E942571993D61000C8B142 /* APITransaction.m in Sources */,
				18E942531993D61000C8B142 /* RespokeGroup.m in Sources */,
				D452EDB11A68A8EE0080D954 /* RespokeMediaStats.m in Sources */,
				182CC3C61A150ABE0084E704 /* APIRegisterPushToken.m in Sources */,
				18E942501993D61000C8B142 /* RespokeCall.m in Sources */,
				180BE48D19F9A8DF005BA3A1 /* RespokeDirectConnection.m in Sources */,
			);
			runOnlyForDeploymentPostprocessing = 0;
		};
		18E942151993D46E00C8B142 /* Sources */ = {
			isa = PBXSourcesBuildPhase;
			buildActionMask = 2147483647;
			files = (
				187510441A6EA3DE00E7200E /* RespokeTestCase.m in Sources */,
				18440F341A66CA3300592DEB /* NSData+SRB64Additions.m in Sources */,
				18440DC41A66C9AF00592DEB /* SocketIOPacket.m in Sources */,
				189CAB791A783451006E24E5 /* CallingTests.m in Sources */,
				18440F331A66CA3300592DEB /* base64.c in Sources */,
				1832F5051A7140A50096B5B6 /* PresenceTests.m in Sources */,
				18440DC51A66C9AF00592DEB /* SocketIOTransportWebsocket.m in Sources */,
				18440DC21A66C9AF00592DEB /* SocketIO.m in Sources */,
				18FB22471A72C0CA00057C1B /* RespokeGroupTests.m in Sources */,
				18C7DAB81A70514300D60F0A /* RespokeEndpointTests.m in Sources */,
				18C7DAB61A70514300D60F0A /* MessagingTests.m in Sources */,
				18440F351A66CA3300592DEB /* SRWebSocket.m in Sources */,
				18440DC31A66C9AF00592DEB /* SocketIOJSONSerialization.m in Sources */,
				18440DC61A66C9AF00592DEB /* SocketIOTransportXHR.m in Sources */,
				182A2EFD1A86564A009148A1 /* DirectConnectionTests.m in Sources */,
				18FB22451A72AD2100057C1B /* GroupTests.m in Sources */,
				18C7DAB71A70514300D60F0A /* RespokeClientTests.m in Sources */,
				18C7DAB91A70514300D60F0A /* RespokeSDKTests.m in Sources */,
			);
			runOnlyForDeploymentPostprocessing = 0;
		};
/* End PBXSourcesBuildPhase section */

/* Begin PBXTargetDependency section */
		189CAB641A782D95006E24E5 /* PBXTargetDependency */ = {
			isa = PBXTargetDependency;
			target = 189CAB3C1A782D73006E24E5 /* SDKTestUI */;
			targetProxy = 189CAB631A782D95006E24E5 /* PBXContainerItemProxy */;
		};
		18E942201993D46E00C8B142 /* PBXTargetDependency */ = {
			isa = PBXTargetDependency;
			target = 18E942081993D46E00C8B142 /* RespokeSDK */;
			targetProxy = 18E9421F1993D46E00C8B142 /* PBXContainerItemProxy */;
		};
/* End PBXTargetDependency section */

/* Begin PBXVariantGroup section */
		189CAB681A783274006E24E5 /* LaunchScreen.xib */ = {
			isa = PBXVariantGroup;
			children = (
				189CAB691A783274006E24E5 /* Base */,
			);
			name = LaunchScreen.xib;
			sourceTree = "<group>";
		};
		189CAB6A1A783274006E24E5 /* Main.storyboard */ = {
			isa = PBXVariantGroup;
			children = (
				189CAB6B1A783274006E24E5 /* Base */,
			);
			name = Main.storyboard;
			sourceTree = "<group>";
		};
		18E942251993D46E00C8B142 /* InfoPlist.strings */ = {
			isa = PBXVariantGroup;
			children = (
				18E942261993D46E00C8B142 /* en */,
			);
			name = InfoPlist.strings;
			sourceTree = "<group>";
		};
/* End PBXVariantGroup section */

/* Begin XCBuildConfiguration section */
		189CAB5D1A782D74006E24E5 /* Debug */ = {
			isa = XCBuildConfiguration;
			buildSettings = {
				ASSETCATALOG_COMPILER_APPICON_NAME = AppIcon;
				CLANG_WARN_UNREACHABLE_CODE = YES;
				CODE_SIGN_IDENTITY = "iPhone Developer";
				"CODE_SIGN_IDENTITY[sdk=iphoneos*]" = "iPhone Developer";
				ENABLE_STRICT_OBJC_MSGSEND = YES;
				GCC_PREPROCESSOR_DEFINITIONS = (
					"DEBUG=1",
					"$(inherited)",
				);
				INFOPLIST_FILE = "$(SRCROOT)/RespokeSDKTests/SDKTestUI/Info.plist";
				IPHONEOS_DEPLOYMENT_TARGET = 8.1;
				LD_RUNPATH_SEARCH_PATHS = "$(inherited) @executable_path/Frameworks";
				MTL_ENABLE_DEBUG_INFO = YES;
				PRODUCT_NAME = "$(TARGET_NAME)";
				TARGETED_DEVICE_FAMILY = "1,2";
			};
			name = Debug;
		};
		189CAB5E1A782D74006E24E5 /* Release */ = {
			isa = XCBuildConfiguration;
			buildSettings = {
				ASSETCATALOG_COMPILER_APPICON_NAME = AppIcon;
				CLANG_WARN_UNREACHABLE_CODE = YES;
				CODE_SIGN_IDENTITY = "iPhone Developer";
				"CODE_SIGN_IDENTITY[sdk=iphoneos*]" = "iPhone Developer";
				ENABLE_STRICT_OBJC_MSGSEND = YES;
				INFOPLIST_FILE = "$(SRCROOT)/RespokeSDKTests/SDKTestUI/Info.plist";
				IPHONEOS_DEPLOYMENT_TARGET = 8.1;
				LD_RUNPATH_SEARCH_PATHS = "$(inherited) @executable_path/Frameworks";
				MTL_ENABLE_DEBUG_INFO = NO;
				PRODUCT_NAME = "$(TARGET_NAME)";
				TARGETED_DEVICE_FAMILY = "1,2";
			};
			name = Release;
		};
		18E9422A1993D46E00C8B142 /* Debug */ = {
			isa = XCBuildConfiguration;
			buildSettings = {
				ALWAYS_SEARCH_USER_PATHS = NO;
				CLANG_CXX_LANGUAGE_STANDARD = "gnu++0x";
				CLANG_CXX_LIBRARY = "libc++";
				CLANG_ENABLE_MODULES = YES;
				CLANG_ENABLE_OBJC_ARC = YES;
				CLANG_WARN_BOOL_CONVERSION = YES;
				CLANG_WARN_CONSTANT_CONVERSION = YES;
				CLANG_WARN_DIRECT_OBJC_ISA_USAGE = YES_ERROR;
				CLANG_WARN_EMPTY_BODY = YES;
				CLANG_WARN_ENUM_CONVERSION = YES;
				CLANG_WARN_INT_CONVERSION = YES;
				CLANG_WARN_OBJC_ROOT_CLASS = YES_ERROR;
				CLANG_WARN__DUPLICATE_METHOD_MATCH = YES;
				COPY_PHASE_STRIP = NO;
				GCC_C_LANGUAGE_STANDARD = gnu99;
				GCC_DYNAMIC_NO_PIC = NO;
				GCC_OPTIMIZATION_LEVEL = 0;
				GCC_PREPROCESSOR_DEFINITIONS = (
					"DEBUG=1",
					"$(inherited)",
				);
				GCC_SYMBOLS_PRIVATE_EXTERN = NO;
				GCC_WARN_64_TO_32_BIT_CONVERSION = YES;
				GCC_WARN_ABOUT_RETURN_TYPE = YES_ERROR;
				GCC_WARN_UNDECLARED_SELECTOR = YES;
				GCC_WARN_UNINITIALIZED_AUTOS = YES_AGGRESSIVE;
				GCC_WARN_UNUSED_FUNCTION = YES;
				GCC_WARN_UNUSED_VARIABLE = YES;
				IPHONEOS_DEPLOYMENT_TARGET = 7.1;
				ONLY_ACTIVE_ARCH = NO;
				SDKROOT = iphoneos;
				VALID_ARCHS = "armv7 armv7s i386";
			};
			name = Debug;
		};
		18E9422B1993D46E00C8B142 /* Release */ = {
			isa = XCBuildConfiguration;
			buildSettings = {
				ALWAYS_SEARCH_USER_PATHS = NO;
				CLANG_CXX_LANGUAGE_STANDARD = "gnu++0x";
				CLANG_CXX_LIBRARY = "libc++";
				CLANG_ENABLE_MODULES = YES;
				CLANG_ENABLE_OBJC_ARC = YES;
				CLANG_WARN_BOOL_CONVERSION = YES;
				CLANG_WARN_CONSTANT_CONVERSION = YES;
				CLANG_WARN_DIRECT_OBJC_ISA_USAGE = YES_ERROR;
				CLANG_WARN_EMPTY_BODY = YES;
				CLANG_WARN_ENUM_CONVERSION = YES;
				CLANG_WARN_INT_CONVERSION = YES;
				CLANG_WARN_OBJC_ROOT_CLASS = YES_ERROR;
				CLANG_WARN__DUPLICATE_METHOD_MATCH = YES;
				COPY_PHASE_STRIP = YES;
				ENABLE_NS_ASSERTIONS = NO;
				GCC_C_LANGUAGE_STANDARD = gnu99;
				GCC_WARN_64_TO_32_BIT_CONVERSION = YES;
				GCC_WARN_ABOUT_RETURN_TYPE = YES_ERROR;
				GCC_WARN_UNDECLARED_SELECTOR = YES;
				GCC_WARN_UNINITIALIZED_AUTOS = YES_AGGRESSIVE;
				GCC_WARN_UNUSED_FUNCTION = YES;
				GCC_WARN_UNUSED_VARIABLE = YES;
				IPHONEOS_DEPLOYMENT_TARGET = 7.1;
				SDKROOT = iphoneos;
				VALIDATE_PRODUCT = YES;
				VALID_ARCHS = "armv7 armv7s i386";
			};
			name = Release;
		};
		18E9422D1993D46E00C8B142 /* Debug */ = {
			isa = XCBuildConfiguration;
			buildSettings = {
				DSTROOT = /tmp/RespokeSDK.dst;
				GCC_PRECOMPILE_PREFIX_HEADER = YES;
				GCC_PREFIX_HEADER = "RespokeSDK/RespokeSDK-Prefix.pch";
				LIBRARY_SEARCH_PATHS = (
					"$(inherited)",
					"$(PROJECT_DIR)/WebRTC",
				);
				OTHER_LDFLAGS = "-ObjC";
				PRODUCT_NAME = RespokeSDK;
				SKIP_INSTALL = YES;
			};
			name = Debug;
		};
		18E9422E1993D46E00C8B142 /* Release */ = {
			isa = XCBuildConfiguration;
			buildSettings = {
				DSTROOT = /tmp/RespokeSDK.dst;
				GCC_PRECOMPILE_PREFIX_HEADER = YES;
				GCC_PREFIX_HEADER = "RespokeSDK/RespokeSDK-Prefix.pch";
				LIBRARY_SEARCH_PATHS = (
					"$(inherited)",
					"$(PROJECT_DIR)/WebRTC",
				);
				OTHER_LDFLAGS = "-ObjC";
				PRODUCT_NAME = RespokeSDK;
				SKIP_INSTALL = YES;
			};
			name = Release;
		};
		18E942301993D46E00C8B142 /* Debug */ = {
			isa = XCBuildConfiguration;
			buildSettings = {
				BUNDLE_LOADER = "$(TEST_HOST)";
				CLANG_WARN_UNREACHABLE_CODE = YES;
				CODE_SIGN_IDENTITY = "iPhone Developer";
				ENABLE_STRICT_OBJC_MSGSEND = YES;
				FRAMEWORK_SEARCH_PATHS = (
					"$(SDKROOT)/Developer/Library/Frameworks",
					"$(inherited)",
					"$(DEVELOPER_FRAMEWORKS_DIR)",
				);
				GCC_PRECOMPILE_PREFIX_HEADER = YES;
				GCC_PREFIX_HEADER = "RespokeSDK/RespokeSDK-Prefix.pch";
				GCC_PREPROCESSOR_DEFINITIONS = (
					"DEBUG=1",
					"$(inherited)",
				);
				INFOPLIST_FILE = "RespokeSDKTests/RespokeSDKTests-Info.plist";
				LD_RUNPATH_SEARCH_PATHS = "$(inherited) @executable_path/Frameworks @loader_path/Frameworks";
				LIBRARY_SEARCH_PATHS = (
					"$(inherited)",
					"$(PROJECT_DIR)/RespokeSDK/Public/libs",
				);
				PRODUCT_NAME = RespokeSDKTests;
				TEST_HOST = "$(BUILT_PRODUCTS_DIR)/SDKTestUI.app/SDKTestUI";
				WRAPPER_EXTENSION = xctest;
			};
			name = Debug;
		};
		18E942311993D46E00C8B142 /* Release */ = {
			isa = XCBuildConfiguration;
			buildSettings = {
				BUNDLE_LOADER = "$(TEST_HOST)";
				CLANG_WARN_UNREACHABLE_CODE = YES;
				CODE_SIGN_IDENTITY = "iPhone Developer";
				ENABLE_STRICT_OBJC_MSGSEND = YES;
				FRAMEWORK_SEARCH_PATHS = (
					"$(SDKROOT)/Developer/Library/Frameworks",
					"$(inherited)",
					"$(DEVELOPER_FRAMEWORKS_DIR)",
				);
				GCC_PRECOMPILE_PREFIX_HEADER = YES;
				GCC_PREFIX_HEADER = "RespokeSDK/RespokeSDK-Prefix.pch";
				INFOPLIST_FILE = "RespokeSDKTests/RespokeSDKTests-Info.plist";
				LD_RUNPATH_SEARCH_PATHS = "$(inherited) @executable_path/Frameworks @loader_path/Frameworks";
				LIBRARY_SEARCH_PATHS = (
					"$(inherited)",
					"$(PROJECT_DIR)/RespokeSDK/Public/libs",
				);
				PRODUCT_NAME = RespokeSDKTests;
				TEST_HOST = "$(BUILT_PRODUCTS_DIR)/SDKTestUI.app/SDKTestUI";
				WRAPPER_EXTENSION = xctest;
			};
			name = Release;
		};
		18E945C619952B2200C8B142 /* Debug */ = {
			isa = XCBuildConfiguration;
			buildSettings = {
				PRODUCT_NAME = "$(TARGET_NAME)";
			};
			name = Debug;
		};
		18E945C719952B2200C8B142 /* Release */ = {
			isa = XCBuildConfiguration;
			buildSettings = {
				PRODUCT_NAME = "$(TARGET_NAME)";
			};
			name = Release;
		};
/* End XCBuildConfiguration section */

/* Begin XCConfigurationList section */
		189CAB611A782D74006E24E5 /* Build configuration list for PBXNativeTarget "SDKTestUI" */ = {
			isa = XCConfigurationList;
			buildConfigurations = (
				189CAB5D1A782D74006E24E5 /* Debug */,
				189CAB5E1A782D74006E24E5 /* Release */,
			);
			defaultConfigurationIsVisible = 0;
			defaultConfigurationName = Release;
		};
		18E942041993D46E00C8B142 /* Build configuration list for PBXProject "RespokeSDK" */ = {
			isa = XCConfigurationList;
			buildConfigurations = (
				18E9422A1993D46E00C8B142 /* Debug */,
				18E9422B1993D46E00C8B142 /* Release */,
			);
			defaultConfigurationIsVisible = 0;
			defaultConfigurationName = Release;
		};
		18E9422C1993D46E00C8B142 /* Build configuration list for PBXNativeTarget "RespokeSDK" */ = {
			isa = XCConfigurationList;
			buildConfigurations = (
				18E9422D1993D46E00C8B142 /* Debug */,
				18E9422E1993D46E00C8B142 /* Release */,
			);
			defaultConfigurationIsVisible = 0;
			defaultConfigurationName = Release;
		};
		18E9422F1993D46E00C8B142 /* Build configuration list for PBXNativeTarget "RespokeSDKTests" */ = {
			isa = XCConfigurationList;
			buildConfigurations = (
				18E942301993D46E00C8B142 /* Debug */,
				18E942311993D46E00C8B142 /* Release */,
			);
			defaultConfigurationIsVisible = 0;
			defaultConfigurationName = Release;
		};
		18E945C519952B2200C8B142 /* Build configuration list for PBXAggregateTarget "UniversalLib" */ = {
			isa = XCConfigurationList;
			buildConfigurations = (
				18E945C619952B2200C8B142 /* Debug */,
				18E945C719952B2200C8B142 /* Release */,
			);
			defaultConfigurationIsVisible = 0;
			defaultConfigurationName = Release;
		};
/* End XCConfigurationList section */
	};
	rootObject = 18E942011993D46E00C8B142 /* Project object */;
}
